
Microsoft Visual Studio Solution File, Format Version 12.00
# Visual Studio Version 17
VisualStudioVersion = 17.0.32014.148
MinimumVisualStudioVersion = 10.0.40219.1
Project("{FAE04EC0-301F-11D3-BF4B-00C04F79EFBC}") = "App6", "App6\App6.csproj", "{0E8C9E20-89B0-4224-A680-66811EDF1834}"
EndProject
Global
	GlobalSection(SolutionConfigurationPlatforms) = preSolution
		Debug|Any CPU = Debug|Any CPU
		Release|Any CPU = Release|Any CPU
	EndGlobalSection
	GlobalSection(ProjectConfigurationPlatforms) = postSolution
		{0E8C9E20-89B0-4224-A680-66811EDF1834}.Debug|Any CPU.ActiveCfg = Debug|Any CPU
		{0E8C9E20-89B0-4224-A680-66811EDF1834}.Debug|Any CPU.Build.0 = Debug|Any CPU
		{0E8C9E20-89B0-4224-A680-66811EDF1834}.Release|Any CPU.ActiveCfg = Release|Any CPU
		{0E8C9E20-89B0-4224-A680-66811EDF1834}.Release|Any CPU.Build.0 = Release|Any CPU
	EndGlobalSection
	GlobalSection(SolutionProperties) = preSolution
		HideSolutionNode = FALSE
	EndGlobalSection
	GlobalSection(ExtensibilityGlobals) = postSolution
		SolutionGuid = {2705D1C7-5DC9-4EEF-86DD-0564B9D5D3FA}
	EndGlobalSection
EndGlobal
